
Microsoft Visual Studio Solution File, Format Version 12.00
# Visual Studio Version 17
VisualStudioVersion = 17.11.35303.130
MinimumVisualStudioVersion = 10.0.40219.1
Project("{9A19103F-16F7-4668-BE54-9A1E7A4F7556}") = "reveal-mysql", "reveal-mysql.csproj", "{7A09B3FE-CDEC-4A42-9BB9-87A12572B9C3}"
EndProject
Global
	GlobalSection(SolutionConfigurationPlatforms) = preSolution
		Debug|Any CPU = Debug|Any CPU
		Debug|x64 = Debug|x64
		Release|Any CPU = Release|Any CPU
		Release|x64 = Release|x64
	EndGlobalSection
	GlobalSection(ProjectConfigurationPlatforms) = postSolution
		{7A09B3FE-CDEC-4A42-9BB9-87A12572B9C3}.Debug|Any CPU.ActiveCfg = Debug|Any CPU
		{7A09B3FE-CDEC-4A42-9BB9-87A12572B9C3}.Debug|Any CPU.Build.0 = Debug|Any CPU
		{7A09B3FE-CDEC-4A42-9BB9-87A12572B9C3}.Debug|x64.ActiveCfg = Debug|x64
		{7A09B3FE-CDEC-4A42-9BB9-87A12572B9C3}.Debug|x64.Build.0 = Debug|x64
		{7A09B3FE-CDEC-4A42-9BB9-87A12572B9C3}.Release|Any CPU.ActiveCfg = Release|Any CPU
		{7A09B3FE-CDEC-4A42-9BB9-87A12572B9C3}.Release|Any CPU.Build.0 = Release|Any CPU
		{7A09B3FE-CDEC-4A42-9BB9-87A12572B9C3}.Release|x64.ActiveCfg = Release|x64
		{7A09B3FE-CDEC-4A42-9BB9-87A12572B9C3}.Release|x64.Build.0 = Release|x64
	EndGlobalSection
	GlobalSection(SolutionProperties) = preSolution
		HideSolutionNode = FALSE
	EndGlobalSection
	GlobalSection(ExtensibilityGlobals) = postSolution
		SolutionGuid = {75B40417-705C-47AD-BDAF-4426995625FC}
	EndGlobalSection
EndGlobal
